
Microsoft Visual Studio Solution File, Format Version 12.00
# Visual Studio Version 16
VisualStudioVersion = 16.0.31105.61
MinimumVisualStudioVersion = 10.0.40219.1
Project("{F14B399A-7131-4C87-9E4B-1186C45EF12D}") = "Report Project1", "Report Project1\Report Project1.rptproj", "{042B39AD-CF08-4C4D-B26C-82028CED65A3}"
EndProject
Global
	GlobalSection(SolutionConfigurationPlatforms) = preSolution
		Debug|Default = Debug|Default
		DebugLocal|Default = DebugLocal|Default
		Release|Default = Release|Default
	EndGlobalSection
	GlobalSection(ProjectConfigurationPlatforms) = postSolution
		{042B39AD-CF08-4C4D-B26C-82028CED65A3}.Debug|Default.ActiveCfg = Debug
		{042B39AD-CF08-4C4D-B26C-82028CED65A3}.Debug|Default.Build.0 = Debug
		{042B39AD-CF08-4C4D-B26C-82028CED65A3}.Debug|Default.Deploy.0 = Debug
		{042B39AD-CF08-4C4D-B26C-82028CED65A3}.DebugLocal|Default.ActiveCfg = DebugLocal
		{042B39AD-CF08-4C4D-B26C-82028CED65A3}.DebugLocal|Default.Build.0 = DebugLocal
		{042B39AD-CF08-4C4D-B26C-82028CED65A3}.Release|Default.ActiveCfg = Release
		{042B39AD-CF08-4C4D-B26C-82028CED65A3}.Release|Default.Build.0 = Release
		{042B39AD-CF08-4C4D-B26C-82028CED65A3}.Release|Default.Deploy.0 = Release
	EndGlobalSection
	GlobalSection(SolutionProperties) = preSolution
		HideSolutionNode = FALSE
	EndGlobalSection
	GlobalSection(ExtensibilityGlobals) = postSolution
		SolutionGuid = {3067D081-FF5D-4B47-9A25-F4D28F77B9B7}
	EndGlobalSection
EndGlobal
